
Microsoft Visual Studio Solution File, Format Version 12.00
# Visual Studio Version 16
VisualStudioVersion = 16.0.32106.194
MinimumVisualStudioVersion = 10.0.40219.1
Project("{9A19103F-16F7-4668-BE54-9A1E7A4F7556}") = "EmployeeManagementSystem", "EmployeeManagementSystem\EmployeeManagementSystem.csproj", "{5E570F86-1E6F-4001-B964-4F49D153A5A2}"
EndProject
Project("{FAE04EC0-301F-11D3-BF4B-00C04F79EFBC}") = "EmployeeManagementSystem1", "EmployeeManagementSystem1\EmployeeManagementSystem1.csproj", "{4C3C8032-5571-448E-AE67-788A47772FAE}"
EndProject
Global
	GlobalSection(SolutionConfigurationPlatforms) = preSolution
		Debug|Any CPU = Debug|Any CPU
		Release|Any CPU = Release|Any CPU
	EndGlobalSection
	GlobalSection(ProjectConfigurationPlatforms) = postSolution
		{5E570F86-1E6F-4001-B964-4F49D153A5A2}.Debug|Any CPU.ActiveCfg = Debug|Any CPU
		{5E570F86-1E6F-4001-B964-4F49D153A5A2}.Debug|Any CPU.Build.0 = Debug|Any CPU
		{5E570F86-1E6F-4001-B964-4F49D153A5A2}.Release|Any CPU.ActiveCfg = Release|Any CPU
		{5E570F86-1E6F-4001-B964-4F49D153A5A2}.Release|Any CPU.Build.0 = Release|Any CPU
		{4C3C8032-5571-448E-AE67-788A47772FAE}.Debug|Any CPU.ActiveCfg = Debug|Any CPU
		{4C3C8032-5571-448E-AE67-788A47772FAE}.Debug|Any CPU.Build.0 = Debug|Any CPU
		{4C3C8032-5571-448E-AE67-788A47772FAE}.Release|Any CPU.ActiveCfg = Release|Any CPU
		{4C3C8032-5571-448E-AE67-788A47772FAE}.Release|Any CPU.Build.0 = Release|Any CPU
	EndGlobalSection
	GlobalSection(SolutionProperties) = preSolution
		HideSolutionNode = FALSE
	EndGlobalSection
	GlobalSection(ExtensibilityGlobals) = postSolution
		SolutionGuid = {BCD7C352-B31A-4AFC-9327-351542C83BA0}
	EndGlobalSection
EndGlobal
